// !$*UTF8*$!
{
	archiveVersion = 1;
	classes = {
	};
	objectVersion = 56;
	objects = {

/* Begin PBXBuildFile section */
		2DCE70F72B83D47B0097A03F /* AppDelegate.swift in Sources */ = {isa = PBXBuildFile; fileRef = 2DCE70F62B83D47B0097A03F /* AppDelegate.swift */; };
		2DCE71012B83D47B0097A03F /* Focus_To_Work.xcdatamodeld in Sources */ = {isa = PBXBuildFile; fileRef = 2DCE70FF2B83D47B0097A03F /* Focus_To_Work.xcdatamodeld */; };
		2DCE71032B83D47E0097A03F /* Assets.xcassets in Resources */ = {isa = PBXBuildFile; fileRef = 2DCE71022B83D47E0097A03F /* Assets.xcassets */; };
		2DCE71062B83D47E0097A03F /* LaunchScreen.storyboard in Resources */ = {isa = PBXBuildFile; fileRef = 2DCE71042B83D47E0097A03F /* LaunchScreen.storyboard */; };
		2DECB96D2B85260F00C99E58 /* BaseViewController.swift in Sources */ = {isa = PBXBuildFile; fileRef = 2DECB96C2B85260F00C99E58 /* BaseViewController.swift */; };
		2DECB96F2B85262D00C99E58 /* BaseViewModel.swift in Sources */ = {isa = PBXBuildFile; fileRef = 2DECB96E2B85262D00C99E58 /* BaseViewModel.swift */; };
		2DECB9762B85274000C99E58 /* DismissableRoute.swift in Sources */ = {isa = PBXBuildFile; fileRef = 2DECB9752B85274000C99E58 /* DismissableRoute.swift */; };
		2DECB9782B85275500C99E58 /* ModalTransition.swift in Sources */ = {isa = PBXBuildFile; fileRef = 2DECB9772B85275500C99E58 /* ModalTransition.swift */; };
		2DECB97A2B85276900C99E58 /* PlaceOnWindowTransition.swift in Sources */ = {isa = PBXBuildFile; fileRef = 2DECB9792B85276900C99E58 /* PlaceOnWindowTransition.swift */; };
		2DECB97C2B85277E00C99E58 /* PushTransition.swift in Sources */ = {isa = PBXBuildFile; fileRef = 2DECB97B2B85277E00C99E58 /* PushTransition.swift */; };
		2DECB97E2B85279300C99E58 /* Transition.swift in Sources */ = {isa = PBXBuildFile; fileRef = 2DECB97D2B85279300C99E58 /* Transition.swift */; };
		2DECB9802B8527B400C99E58 /* AppRouter.swift in Sources */ = {isa = PBXBuildFile; fileRef = 2DECB97F2B8527B400C99E58 /* AppRouter.swift */; };
		2DECB9822B8527E300C99E58 /* Animator.swift in Sources */ = {isa = PBXBuildFile; fileRef = 2DECB9812B8527E300C99E58 /* Animator.swift */; };
		2DECB9842B8527F600C99E58 /* Router.swift in Sources */ = {isa = PBXBuildFile; fileRef = 2DECB9832B8527F600C99E58 /* Router.swift */; };
		2DECB9882B85282B00C99E58 /* SettingsRouter.swift in Sources */ = {isa = PBXBuildFile; fileRef = 2DECB9852B85282B00C99E58 /* SettingsRouter.swift */; };
		2DECB9892B85282B00C99E58 /* SettingsViewController.swift in Sources */ = {isa = PBXBuildFile; fileRef = 2DECB9862B85282B00C99E58 /* SettingsViewController.swift */; };
		2DECB98A2B85282B00C99E58 /* SettingsViewModel.swift in Sources */ = {isa = PBXBuildFile; fileRef = 2DECB9872B85282B00C99E58 /* SettingsViewModel.swift */; };
		4B52F9E4AFC03BCA4EA57B60 /* Pods_Focus_To_Work.framework in Frameworks */ = {isa = PBXBuildFile; fileRef = 3CAD92E493D6A4A68F7EF059 /* Pods_Focus_To_Work.framework */; };
/* End PBXBuildFile section */

/* Begin PBXFileReference section */
		0DDEF96E59A464C0C6C4F104 /* Pods-Focus To Work.release.xcconfig */ = {isa = PBXFileReference; includeInIndex = 1; lastKnownFileType = text.xcconfig; name = "Pods-Focus To Work.release.xcconfig"; path = "Target Support Files/Pods-Focus To Work/Pods-Focus To Work.release.xcconfig"; sourceTree = "<group>"; };
		2D889D2B2B83D76F005676E9 /* FocusToWork-BridgingHeader.h */ = {isa = PBXFileReference; lastKnownFileType = sourcecode.c.h; path = "FocusToWork-BridgingHeader.h"; sourceTree = "<group>"; };
		2DCE70F32B83D47B0097A03F /* Focus To Work.app */ = {isa = PBXFileReference; explicitFileType = wrapper.application; includeInIndex = 0; path = "Focus To Work.app"; sourceTree = BUILT_PRODUCTS_DIR; };
		2DCE70F62B83D47B0097A03F /* AppDelegate.swift */ = {isa = PBXFileReference; lastKnownFileType = sourcecode.swift; path = AppDelegate.swift; sourceTree = "<group>"; };
		2DCE71002B83D47B0097A03F /* Focus_To_Work.xcdatamodel */ = {isa = PBXFileReference; lastKnownFileType = wrapper.xcdatamodel; path = Focus_To_Work.xcdatamodel; sourceTree = "<group>"; };
		2DCE71022B83D47E0097A03F /* Assets.xcassets */ = {isa = PBXFileReference; lastKnownFileType = folder.assetcatalog; path = Assets.xcassets; sourceTree = "<group>"; };
		2DCE71052B83D47E0097A03F /* Base */ = {isa = PBXFileReference; lastKnownFileType = file.storyboard; name = Base; path = Base.lproj/LaunchScreen.storyboard; sourceTree = "<group>"; };
		2DCE71072B83D47E0097A03F /* Info.plist */ = {isa = PBXFileReference; lastKnownFileType = text.plist.xml; path = Info.plist; sourceTree = "<group>"; };
		2DECB96C2B85260F00C99E58 /* BaseViewController.swift */ = {isa = PBXFileReference; lastKnownFileType = sourcecode.swift; path = BaseViewController.swift; sourceTree = "<group>"; };
		2DECB96E2B85262D00C99E58 /* BaseViewModel.swift */ = {isa = PBXFileReference; lastKnownFileType = sourcecode.swift; path = BaseViewModel.swift; sourceTree = "<group>"; };
		2DECB9752B85274000C99E58 /* DismissableRoute.swift */ = {isa = PBXFileReference; lastKnownFileType = sourcecode.swift; path = DismissableRoute.swift; sourceTree = "<group>"; };
		2DECB9772B85275500C99E58 /* ModalTransition.swift */ = {isa = PBXFileReference; lastKnownFileType = sourcecode.swift; path = ModalTransition.swift; sourceTree = "<group>"; };
		2DECB9792B85276900C99E58 /* PlaceOnWindowTransition.swift */ = {isa = PBXFileReference; lastKnownFileType = sourcecode.swift; path = PlaceOnWindowTransition.swift; sourceTree = "<group>"; };
		2DECB97B2B85277E00C99E58 /* PushTransition.swift */ = {isa = PBXFileReference; lastKnownFileType = sourcecode.swift; path = PushTransition.swift; sourceTree = "<group>"; };
		2DECB97D2B85279300C99E58 /* Transition.swift */ = {isa = PBXFileReference; lastKnownFileType = sourcecode.swift; path = Transition.swift; sourceTree = "<group>"; };
		2DECB97F2B8527B400C99E58 /* AppRouter.swift */ = {isa = PBXFileReference; lastKnownFileType = sourcecode.swift; path = AppRouter.swift; sourceTree = "<group>"; };
		2DECB9812B8527E300C99E58 /* Animator.swift */ = {isa = PBXFileReference; lastKnownFileType = sourcecode.swift; path = Animator.swift; sourceTree = "<group>"; };
		2DECB9832B8527F600C99E58 /* Router.swift */ = {isa = PBXFileReference; lastKnownFileType = sourcecode.swift; path = Router.swift; sourceTree = "<group>"; };
		2DECB9852B85282B00C99E58 /* SettingsRouter.swift */ = {isa = PBXFileReference; lastKnownFileType = sourcecode.swift; path = SettingsRouter.swift; sourceTree = "<group>"; };
		2DECB9862B85282B00C99E58 /* SettingsViewController.swift */ = {isa = PBXFileReference; lastKnownFileType = sourcecode.swift; path = SettingsViewController.swift; sourceTree = "<group>"; };
		2DECB9872B85282B00C99E58 /* SettingsViewModel.swift */ = {isa = PBXFileReference; lastKnownFileType = sourcecode.swift; path = SettingsViewModel.swift; sourceTree = "<group>"; };
		3913D9B2CD7DE9692A474432 /* Pods-Focus To Work.debug.xcconfig */ = {isa = PBXFileReference; includeInIndex = 1; lastKnownFileType = text.xcconfig; name = "Pods-Focus To Work.debug.xcconfig"; path = "Target Support Files/Pods-Focus To Work/Pods-Focus To Work.debug.xcconfig"; sourceTree = "<group>"; };
		3CAD92E493D6A4A68F7EF059 /* Pods_Focus_To_Work.framework */ = {isa = PBXFileReference; explicitFileType = wrapper.framework; includeInIndex = 0; path = Pods_Focus_To_Work.framework; sourceTree = BUILT_PRODUCTS_DIR; };
/* End PBXFileReference section */

/* Begin PBXFrameworksBuildPhase section */
		2DCE70F02B83D47B0097A03F /* Frameworks */ = {
			isa = PBXFrameworksBuildPhase;
			buildActionMask = 2147483647;
			files = (
				4B52F9E4AFC03BCA4EA57B60 /* Pods_Focus_To_Work.framework in Frameworks */,
			);
			runOnlyForDeploymentPostprocessing = 0;
		};
/* End PBXFrameworksBuildPhase section */

/* Begin PBXGroup section */
		2D889D2C2B83D7BF005676E9 /* AppDelegate */ = {
			isa = PBXGroup;
			children = (
				2D889D2B2B83D76F005676E9 /* FocusToWork-BridgingHeader.h */,
				2DCE70F62B83D47B0097A03F /* AppDelegate.swift */,
			);
			path = AppDelegate;
			sourceTree = "<group>";
		};
		2D889D2D2B83D92B005676E9 /* Scenes */ = {
			isa = PBXGroup;
			children = (
				2DECB96B2B8525E900C99E58 /* Base */,
				2D889D2E2B83DDC0005676E9 /* Settings */,
			);
			path = Scenes;
			sourceTree = "<group>";
		};
		2D889D2E2B83DDC0005676E9 /* Settings */ = {
			isa = PBXGroup;
			children = (
				2DECB9862B85282B00C99E58 /* SettingsViewController.swift */,
				2DECB9872B85282B00C99E58 /* SettingsViewModel.swift */,
				2DECB9852B85282B00C99E58 /* SettingsRouter.swift */,
			);
			path = Settings;
			sourceTree = "<group>";
		};
		2DCE70EA2B83D47B0097A03F = {
			isa = PBXGroup;
			children = (
				2DCE70F52B83D47B0097A03F /* Focus To Work */,
				2DCE70F42B83D47B0097A03F /* Products */,
				48A6674ACCF5467B6480EED4 /* Pods */,
				E9F774A267D504FAA2395769 /* Frameworks */,
			);
			sourceTree = "<group>";
		};
		2DCE70F42B83D47B0097A03F /* Products */ = {
			isa = PBXGroup;
			children = (
				2DCE70F32B83D47B0097A03F /* Focus To Work.app */,
			);
			name = Products;
			sourceTree = "<group>";
		};
		2DCE70F52B83D47B0097A03F /* Focus To Work */ = {
			isa = PBXGroup;
			children = (
				2DECB9702B85270500C99E58 /* Routing */,
				2D889D2D2B83D92B005676E9 /* Scenes */,
				2D889D2C2B83D7BF005676E9 /* AppDelegate */,
				2DCE71022B83D47E0097A03F /* Assets.xcassets */,
				2DCE71042B83D47E0097A03F /* LaunchScreen.storyboard */,
				2DCE71072B83D47E0097A03F /* Info.plist */,
				2DCE70FF2B83D47B0097A03F /* Focus_To_Work.xcdatamodeld */,
			);
			path = "Focus To Work";
			sourceTree = "<group>";
		};
		2DECB96B2B8525E900C99E58 /* Base */ = {
			isa = PBXGroup;
			children = (
				2DECB96C2B85260F00C99E58 /* BaseViewController.swift */,
				2DECB96E2B85262D00C99E58 /* BaseViewModel.swift */,
			);
			path = Base;
			sourceTree = "<group>";
		};
		2DECB9702B85270500C99E58 /* Routing */ = {
			isa = PBXGroup;
			children = (
				2DECB9742B85272C00C99E58 /* Core */,
				2DECB9732B85272500C99E58 /* Routers */,
				2DECB9722B85271700C99E58 /* Transitions */,
				2DECB9712B85270C00C99E58 /* Route */,
			);
			path = Routing;
			sourceTree = "<group>";
		};
		2DECB9712B85270C00C99E58 /* Route */ = {
			isa = PBXGroup;
			children = (
				2DECB9752B85274000C99E58 /* DismissableRoute.swift */,
			);
			path = Route;
			sourceTree = "<group>";
		};
		2DECB9722B85271700C99E58 /* Transitions */ = {
			isa = PBXGroup;
			children = (
				2DECB9772B85275500C99E58 /* ModalTransition.swift */,
				2DECB97B2B85277E00C99E58 /* PushTransition.swift */,
				2DECB97D2B85279300C99E58 /* Transition.swift */,
				2DECB9792B85276900C99E58 /* PlaceOnWindowTransition.swift */,
			);
			path = Transitions;
			sourceTree = "<group>";
		};
		2DECB9732B85272500C99E58 /* Routers */ = {
			isa = PBXGroup;
			children = (
				2DECB97F2B8527B400C99E58 /* AppRouter.swift */,
			);
			path = Routers;
			sourceTree = "<group>";
		};
		2DECB9742B85272C00C99E58 /* Core */ = {
			isa = PBXGroup;
			children = (
				2DECB9812B8527E300C99E58 /* Animator.swift */,
				2DECB9832B8527F600C99E58 /* Router.swift */,
			);
			path = Core;
			sourceTree = "<group>";
		};
		48A6674ACCF5467B6480EED4 /* Pods */ = {
			isa = PBXGroup;
			children = (
				3913D9B2CD7DE9692A474432 /* Pods-Focus To Work.debug.xcconfig */,
				0DDEF96E59A464C0C6C4F104 /* Pods-Focus To Work.release.xcconfig */,
			);
			path = Pods;
			sourceTree = "<group>";
		};
		E9F774A267D504FAA2395769 /* Frameworks */ = {
			isa = PBXGroup;
			children = (
				3CAD92E493D6A4A68F7EF059 /* Pods_Focus_To_Work.framework */,
			);
			name = Frameworks;
			sourceTree = "<group>";
		};
/* End PBXGroup section */

/* Begin PBXNativeTarget section */
		2DCE70F22B83D47B0097A03F /* Focus To Work */ = {
			isa = PBXNativeTarget;
			buildConfigurationList = 2DCE710A2B83D47E0097A03F /* Build configuration list for PBXNativeTarget "Focus To Work" */;
			buildPhases = (
				7A7E05C744F62C2E489CFA7E /* [CP] Check Pods Manifest.lock */,
				2DCE70EF2B83D47B0097A03F /* Sources */,
				2DCE70F02B83D47B0097A03F /* Frameworks */,
				2DCE70F12B83D47B0097A03F /* Resources */,
				62E3133EB64D43BE0104E5E6 /* [CP] Embed Pods Frameworks */,
			);
			buildRules = (
			);
			dependencies = (
			);
			name = "Focus To Work";
			productName = "Focus To Work";
			productReference = 2DCE70F32B83D47B0097A03F /* Focus To Work.app */;
			productType = "com.apple.product-type.application";
		};
/* End PBXNativeTarget section */

/* Begin PBXProject section */
		2DCE70EB2B83D47B0097A03F /* Project object */ = {
			isa = PBXProject;
			attributes = {
				BuildIndependentTargetsInParallel = 1;
				LastSwiftUpdateCheck = 1420;
				LastUpgradeCheck = 1420;
				TargetAttributes = {
					2DCE70F22B83D47B0097A03F = {
						CreatedOnToolsVersion = 14.2;
					};
				};
			};
			buildConfigurationList = 2DCE70EE2B83D47B0097A03F /* Build configuration list for PBXProject "Focus To Work" */;
			compatibilityVersion = "Xcode 14.0";
			developmentRegion = en;
			hasScannedForEncodings = 0;
			knownRegions = (
				en,
				Base,
			);
			mainGroup = 2DCE70EA2B83D47B0097A03F;
			productRefGroup = 2DCE70F42B83D47B0097A03F /* Products */;
			projectDirPath = "";
			projectRoot = "";
			targets = (
				2DCE70F22B83D47B0097A03F /* Focus To Work */,
			);
		};
/* End PBXProject section */

/* Begin PBXResourcesBuildPhase section */
		2DCE70F12B83D47B0097A03F /* Resources */ = {
			isa = PBXResourcesBuildPhase;
			buildActionMask = 2147483647;
			files = (
				2DCE71062B83D47E0097A03F /* LaunchScreen.storyboard in Resources */,
				2DCE71032B83D47E0097A03F /* Assets.xcassets in Resources */,
			);
			runOnlyForDeploymentPostprocessing = 0;
		};
/* End PBXResourcesBuildPhase section */

/* Begin PBXShellScriptBuildPhase section */
		62E3133EB64D43BE0104E5E6 /* [CP] Embed Pods Frameworks */ = {
			isa = PBXShellScriptBuildPhase;
			buildActionMask = 2147483647;
			files = (
			);
			inputFileListPaths = (
				"${PODS_ROOT}/Target Support Files/Pods-Focus To Work/Pods-Focus To Work-frameworks-${CONFIGURATION}-input-files.xcfilelist",
			);
			name = "[CP] Embed Pods Frameworks";
			outputFileListPaths = (
				"${PODS_ROOT}/Target Support Files/Pods-Focus To Work/Pods-Focus To Work-frameworks-${CONFIGURATION}-output-files.xcfilelist",
			);
			runOnlyForDeploymentPostprocessing = 0;
			shellPath = /bin/sh;
			shellScript = "\"${PODS_ROOT}/Target Support Files/Pods-Focus To Work/Pods-Focus To Work-frameworks.sh\"\n";
			showEnvVarsInLog = 0;
		};
		7A7E05C744F62C2E489CFA7E /* [CP] Check Pods Manifest.lock */ = {
			isa = PBXShellScriptBuildPhase;
			buildActionMask = 2147483647;
			files = (
			);
			inputFileListPaths = (
			);
			inputPaths = (
				"${PODS_PODFILE_DIR_PATH}/Podfile.lock",
				"${PODS_ROOT}/Manifest.lock",
			);
			name = "[CP] Check Pods Manifest.lock";
			outputFileListPaths = (
			);
			outputPaths = (
				"$(DERIVED_FILE_DIR)/Pods-Focus To Work-checkManifestLockResult.txt",
			);
			runOnlyForDeploymentPostprocessing = 0;
			shellPath = /bin/sh;
			shellScript = "diff \"${PODS_PODFILE_DIR_PATH}/Podfile.lock\" \"${PODS_ROOT}/Manifest.lock\" > /dev/null\nif [ $? != 0 ] ; then\n    # print error to STDERR\n    echo \"error: The sandbox is not in sync with the Podfile.lock. Run 'pod install' or update your CocoaPods installation.\" >&2\n    exit 1\nfi\n# This output is used by Xcode 'outputs' to avoid re-running this script phase.\necho \"SUCCESS\" > \"${SCRIPT_OUTPUT_FILE_0}\"\n";
			showEnvVarsInLog = 0;
		};
/* End PBXShellScriptBuildPhase section */

/* Begin PBXSourcesBuildPhase section */
		2DCE70EF2B83D47B0097A03F /* Sources */ = {
			isa = PBXSourcesBuildPhase;
			buildActionMask = 2147483647;
			files = (
				2DECB9822B8527E300C99E58 /* Animator.swift in Sources */,
				2DECB97E2B85279300C99E58 /* Transition.swift in Sources */,
				2DECB96F2B85262D00C99E58 /* BaseViewModel.swift in Sources */,
				2DECB9762B85274000C99E58 /* DismissableRoute.swift in Sources */,
				2DECB96D2B85260F00C99E58 /* BaseViewController.swift in Sources */,
				2DECB98A2B85282B00C99E58 /* SettingsViewModel.swift in Sources */,
				2DCE70F72B83D47B0097A03F /* AppDelegate.swift in Sources */,
				2DECB97A2B85276900C99E58 /* PlaceOnWindowTransition.swift in Sources */,
				2DECB9802B8527B400C99E58 /* AppRouter.swift in Sources */,
				2DECB9782B85275500C99E58 /* ModalTransition.swift in Sources */,
				2DECB9892B85282B00C99E58 /* SettingsViewController.swift in Sources */,
				2DECB97C2B85277E00C99E58 /* PushTransition.swift in Sources */,
				2DECB9882B85282B00C99E58 /* SettingsRouter.swift in Sources */,
				2DCE71012B83D47B0097A03F /* Focus_To_Work.xcdatamodeld in Sources */,
				2DECB9842B8527F600C99E58 /* Router.swift in Sources */,
			);
			runOnlyForDeploymentPostprocessing = 0;
		};
/* End PBXSourcesBuildPhase section */

/* Begin PBXVariantGroup section */
		2DCE71042B83D47E0097A03F /* LaunchScreen.storyboard */ = {
			isa = PBXVariantGroup;
			children = (
				2DCE71052B83D47E0097A03F /* Base */,
			);
			name = LaunchScreen.storyboard;
			sourceTree = "<group>";
		};
/* End PBXVariantGroup section */

/* Begin XCBuildConfiguration section */
		2DCE71082B83D47E0097A03F /* Debug */ = {
			isa = XCBuildConfiguration;
			buildSettings = {
				ALWAYS_SEARCH_USER_PATHS = NO;
				CLANG_ANALYZER_NONNULL = YES;
				CLANG_ANALYZER_NUMBER_OBJECT_CONVERSION = YES_AGGRESSIVE;
				CLANG_CXX_LANGUAGE_STANDARD = "gnu++20";
				CLANG_ENABLE_MODULES = YES;
				CLANG_ENABLE_OBJC_ARC = YES;
				CLANG_ENABLE_OBJC_WEAK = YES;
				CLANG_WARN_BLOCK_CAPTURE_AUTORELEASING = YES;
				CLANG_WARN_BOOL_CONVERSION = YES;
				CLANG_WARN_COMMA = YES;
				CLANG_WARN_CONSTANT_CONVERSION = YES;
				CLANG_WARN_DEPRECATED_OBJC_IMPLEMENTATIONS = YES;
				CLANG_WARN_DIRECT_OBJC_ISA_USAGE = YES_ERROR;
				CLANG_WARN_DOCUMENTATION_COMMENTS = YES;
				CLANG_WARN_EMPTY_BODY = YES;
				CLANG_WARN_ENUM_CONVERSION = YES;
				CLANG_WARN_INFINITE_RECURSION = YES;
				CLANG_WARN_INT_CONVERSION = YES;
				CLANG_WARN_NON_LITERAL_NULL_CONVERSION = YES;
				CLANG_WARN_OBJC_IMPLICIT_RETAIN_SELF = YES;
				CLANG_WARN_OBJC_LITERAL_CONVERSION = YES;
				CLANG_WARN_OBJC_ROOT_CLASS = YES_ERROR;
				CLANG_WARN_QUOTED_INCLUDE_IN_FRAMEWORK_HEADER = YES;
				CLANG_WARN_RANGE_LOOP_ANALYSIS = YES;
				CLANG_WARN_STRICT_PROTOTYPES = YES;
				CLANG_WARN_SUSPICIOUS_MOVE = YES;
				CLANG_WARN_UNGUARDED_AVAILABILITY = YES_AGGRESSIVE;
				CLANG_WARN_UNREACHABLE_CODE = YES;
				CLANG_WARN__DUPLICATE_METHOD_MATCH = YES;
				COPY_PHASE_STRIP = NO;
				DEBUG_INFORMATION_FORMAT = dwarf;
				ENABLE_STRICT_OBJC_MSGSEND = YES;
				ENABLE_TESTABILITY = YES;
				GCC_C_LANGUAGE_STANDARD = gnu11;
				GCC_DYNAMIC_NO_PIC = NO;
				GCC_NO_COMMON_BLOCKS = YES;
				GCC_OPTIMIZATION_LEVEL = 0;
				GCC_PREPROCESSOR_DEFINITIONS = (
					"DEBUG=1",
					"$(inherited)",
				);
				GCC_WARN_64_TO_32_BIT_CONVERSION = YES;
				GCC_WARN_ABOUT_RETURN_TYPE = YES_ERROR;
				GCC_WARN_UNDECLARED_SELECTOR = YES;
				GCC_WARN_UNINITIALIZED_AUTOS = YES_AGGRESSIVE;
				GCC_WARN_UNUSED_FUNCTION = YES;
				GCC_WARN_UNUSED_VARIABLE = YES;
				IPHONEOS_DEPLOYMENT_TARGET = 16.2;
				MTL_ENABLE_DEBUG_INFO = INCLUDE_SOURCE;
				MTL_FAST_MATH = YES;
				ONLY_ACTIVE_ARCH = YES;
				SDKROOT = iphoneos;
				SWIFT_ACTIVE_COMPILATION_CONDITIONS = DEBUG;
				SWIFT_OPTIMIZATION_LEVEL = "-Onone";
			};
			name = Debug;
		};
		2DCE71092B83D47E0097A03F /* Release */ = {
			isa = XCBuildConfiguration;
			buildSettings = {
				ALWAYS_SEARCH_USER_PATHS = NO;
				CLANG_ANALYZER_NONNULL = YES;
				CLANG_ANALYZER_NUMBER_OBJECT_CONVERSION = YES_AGGRESSIVE;
				CLANG_CXX_LANGUAGE_STANDARD = "gnu++20";
				CLANG_ENABLE_MODULES = YES;
				CLANG_ENABLE_OBJC_ARC = YES;
				CLANG_ENABLE_OBJC_WEAK = YES;
				CLANG_WARN_BLOCK_CAPTURE_AUTORELEASING = YES;
				CLANG_WARN_BOOL_CONVERSION = YES;
				CLANG_WARN_COMMA = YES;
				CLANG_WARN_CONSTANT_CONVERSION = YES;
				CLANG_WARN_DEPRECATED_OBJC_IMPLEMENTATIONS = YES;
				CLANG_WARN_DIRECT_OBJC_ISA_USAGE = YES_ERROR;
				CLANG_WARN_DOCUMENTATION_COMMENTS = YES;
				CLANG_WARN_EMPTY_BODY = YES;
				CLANG_WARN_ENUM_CONVERSION = YES;
				CLANG_WARN_INFINITE_RECURSION = YES;
				CLANG_WARN_INT_CONVERSION = YES;
				CLANG_WARN_NON_LITERAL_NULL_CONVERSION = YES;
				CLANG_WARN_OBJC_IMPLICIT_RETAIN_SELF = YES;
				CLANG_WARN_OBJC_LITERAL_CONVERSION = YES;
				CLANG_WARN_OBJC_ROOT_CLASS = YES_ERROR;
				CLANG_WARN_QUOTED_INCLUDE_IN_FRAMEWORK_HEADER = YES;
				CLANG_WARN_RANGE_LOOP_ANALYSIS = YES;
				CLANG_WARN_STRICT_PROTOTYPES = YES;
				CLANG_WARN_SUSPICIOUS_MOVE = YES;
				CLANG_WARN_UNGUARDED_AVAILABILITY = YES_AGGRESSIVE;
				CLANG_WARN_UNREACHABLE_CODE = YES;
				CLANG_WARN__DUPLICATE_METHOD_MATCH = YES;
				COPY_PHASE_STRIP = NO;
				DEBUG_INFORMATION_FORMAT = "dwarf-with-dsym";
				ENABLE_NS_ASSERTIONS = NO;
				ENABLE_STRICT_OBJC_MSGSEND = YES;
				GCC_C_LANGUAGE_STANDARD = gnu11;
				GCC_NO_COMMON_BLOCKS = YES;
				GCC_WARN_64_TO_32_BIT_CONVERSION = YES;
				GCC_WARN_ABOUT_RETURN_TYPE = YES_ERROR;
				GCC_WARN_UNDECLARED_SELECTOR = YES;
				GCC_WARN_UNINITIALIZED_AUTOS = YES_AGGRESSIVE;
				GCC_WARN_UNUSED_FUNCTION = YES;
				GCC_WARN_UNUSED_VARIABLE = YES;
				IPHONEOS_DEPLOYMENT_TARGET = 16.2;
				MTL_ENABLE_DEBUG_INFO = NO;
				MTL_FAST_MATH = YES;
				SDKROOT = iphoneos;
				SWIFT_COMPILATION_MODE = wholemodule;
				SWIFT_OPTIMIZATION_LEVEL = "-O";
				VALIDATE_PRODUCT = YES;
			};
			name = Release;
		};
		2DCE710B2B83D47E0097A03F /* Debug */ = {
			isa = XCBuildConfiguration;
			baseConfigurationReference = 3913D9B2CD7DE9692A474432 /* Pods-Focus To Work.debug.xcconfig */;
			buildSettings = {
				ASSETCATALOG_COMPILER_APPICON_NAME = AppIcon;
				ASSETCATALOG_COMPILER_GLOBAL_ACCENT_COLOR_NAME = AccentColor;
				CODE_SIGN_STYLE = Automatic;
				CURRENT_PROJECT_VERSION = 1;
				DEVELOPMENT_TEAM = 6KBC8FTKD3;
				GENERATE_INFOPLIST_FILE = YES;
				INFOPLIST_FILE = "Focus To Work/Info.plist";
				INFOPLIST_KEY_UIApplicationSupportsIndirectInputEvents = YES;
				INFOPLIST_KEY_UILaunchStoryboardName = LaunchScreen;
				INFOPLIST_KEY_UISupportedInterfaceOrientations_iPad = "UIInterfaceOrientationPortrait UIInterfaceOrientationPortraitUpsideDown UIInterfaceOrientationLandscapeLeft UIInterfaceOrientationLandscapeRight";
				INFOPLIST_KEY_UISupportedInterfaceOrientations_iPhone = "UIInterfaceOrientationPortrait UIInterfaceOrientationLandscapeLeft UIInterfaceOrientationLandscapeRight";
				LD_RUNPATH_SEARCH_PATHS = (
					"$(inherited)",
					"@executable_path/Frameworks",
				);
				MARKETING_VERSION = 1.0;
				PRODUCT_BUNDLE_IDENTIFIER = "UmitBakiDikbiyik.Focus-To-Work";
				PRODUCT_NAME = "$(TARGET_NAME)";
				SWIFT_EMIT_LOC_STRINGS = YES;
				SWIFT_VERSION = 5.0;
				TARGETED_DEVICE_FAMILY = "1,2";
			};
			name = Debug;
		};
		2DCE710C2B83D47E0097A03F /* Release */ = {
			isa = XCBuildConfiguration;
			baseConfigurationReference = 0DDEF96E59A464C0C6C4F104 /* Pods-Focus To Work.release.xcconfig */;
			buildSettings = {
				ASSETCATALOG_COMPILER_APPICON_NAME = AppIcon;
				ASSETCATALOG_COMPILER_GLOBAL_ACCENT_COLOR_NAME = AccentColor;
				CODE_SIGN_STYLE = Automatic;
				CURRENT_PROJECT_VERSION = 1;
				DEVELOPMENT_TEAM = 6KBC8FTKD3;
				GENERATE_INFOPLIST_FILE = YES;
				INFOPLIST_FILE = "Focus To Work/Info.plist";
				INFOPLIST_KEY_UIApplicationSupportsIndirectInputEvents = YES;
				INFOPLIST_KEY_UILaunchStoryboardName = LaunchScreen;
				INFOPLIST_KEY_UISupportedInterfaceOrientations_iPad = "UIInterfaceOrientationPortrait UIInterfaceOrientationPortraitUpsideDown UIInterfaceOrientationLandscapeLeft UIInterfaceOrientationLandscapeRight";
				INFOPLIST_KEY_UISupportedInterfaceOrientations_iPhone = "UIInterfaceOrientationPortrait UIInterfaceOrientationLandscapeLeft UIInterfaceOrientationLandscapeRight";
				LD_RUNPATH_SEARCH_PATHS = (
					"$(inherited)",
					"@executable_path/Frameworks",
				);
				MARKETING_VERSION = 1.0;
				PRODUCT_BUNDLE_IDENTIFIER = "UmitBakiDikbiyik.Focus-To-Work";
				PRODUCT_NAME = "$(TARGET_NAME)";
				SWIFT_EMIT_LOC_STRINGS = YES;
				SWIFT_VERSION = 5.0;
				TARGETED_DEVICE_FAMILY = "1,2";
			};
			name = Release;
		};
/* End XCBuildConfiguration section */

/* Begin XCConfigurationList section */
		2DCE70EE2B83D47B0097A03F /* Build configuration list for PBXProject "Focus To Work" */ = {
			isa = XCConfigurationList;
			buildConfigurations = (
				2DCE71082B83D47E0097A03F /* Debug */,
				2DCE71092B83D47E0097A03F /* Release */,
			);
			defaultConfigurationIsVisible = 0;
			defaultConfigurationName = Release;
		};
		2DCE710A2B83D47E0097A03F /* Build configuration list for PBXNativeTarget "Focus To Work" */ = {
			isa = XCConfigurationList;
			buildConfigurations = (
				2DCE710B2B83D47E0097A03F /* Debug */,
				2DCE710C2B83D47E0097A03F /* Release */,
			);
			defaultConfigurationIsVisible = 0;
			defaultConfigurationName = Release;
		};
/* End XCConfigurationList section */

/* Begin XCVersionGroup section */
		2DCE70FF2B83D47B0097A03F /* Focus_To_Work.xcdatamodeld */ = {
			isa = XCVersionGroup;
			children = (
				2DCE71002B83D47B0097A03F /* Focus_To_Work.xcdatamodel */,
			);
			currentVersion = 2DCE71002B83D47B0097A03F /* Focus_To_Work.xcdatamodel */;
			path = Focus_To_Work.xcdatamodeld;
			sourceTree = "<group>";
			versionGroupType = wrapper.xcdatamodel;
		};
/* End XCVersionGroup section */
	};
	rootObject = 2DCE70EB2B83D47B0097A03F /* Project object */;
}
